
Microsoft Visual Studio Solution File, Format Version 12.00
# Visual Studio Version 16
VisualStudioVersion = 16.0.31702.278
MinimumVisualStudioVersion = 10.0.40219.1
Project("{FAE04EC0-301F-11D3-BF4B-00C04F79EFBC}") = "HashTable", "HashTable\HashTable.csproj", "{E5EA7CE5-9E17-4028-852E-419270A473B1}"
EndProject
Global
	GlobalSection(SolutionConfigurationPlatforms) = preSolution
		Debug|Any CPU = Debug|Any CPU
		Release|Any CPU = Release|Any CPU
	EndGlobalSection
	GlobalSection(ProjectConfigurationPlatforms) = postSolution
		{E5EA7CE5-9E17-4028-852E-419270A473B1}.Debug|Any CPU.ActiveCfg = Debug|Any CPU
		{E5EA7CE5-9E17-4028-852E-419270A473B1}.Debug|Any CPU.Build.0 = Debug|Any CPU
		{E5EA7CE5-9E17-4028-852E-419270A473B1}.Release|Any CPU.ActiveCfg = Release|Any CPU
		{E5EA7CE5-9E17-4028-852E-419270A473B1}.Release|Any CPU.Build.0 = Release|Any CPU
	EndGlobalSection
	GlobalSection(SolutionProperties) = preSolution
		HideSolutionNode = FALSE
	EndGlobalSection
	GlobalSection(ExtensibilityGlobals) = postSolution
		SolutionGuid = {0FAE9A72-E7DD-4233-9308-2D09D63935F9}
	EndGlobalSection
EndGlobal
